
Microsoft Visual Studio Solution File, Format Version 12.00
# Visual Studio Version 17
VisualStudioVersion = 17.5.002.0
MinimumVisualStudioVersion = 10.0.40219.1
Project("{9A19103F-16F7-4668-BE54-9A1E7A4F7556}") = "Receive", "Receive\Receive.csproj", "{12FFC095-96C3-4DCF-96EC-F9BEFD079D19}"
EndProject
Project("{9A19103F-16F7-4668-BE54-9A1E7A4F7556}") = "Send", "Send\Send.csproj", "{8F2516D2-84BE-4828-BE13-CA4B5F62E936}"
EndProject
Project("{FAE04EC0-301F-11D3-BF4B-00C04F79EFBC}") = "NewTask", "NewTask\NewTask.csproj", "{549EFD75-EB56-4467-BE81-B271ECE0FBE3}"
EndProject
Project("{FAE04EC0-301F-11D3-BF4B-00C04F79EFBC}") = "Worker", "Worker\Worker.csproj", "{1603389B-0BD6-4877-A0F7-F13EF1CA84A0}"
EndProject
Project("{FAE04EC0-301F-11D3-BF4B-00C04F79EFBC}") = "EmitLog", "EmitLog\EmitLog.csproj", "{B840FA11-FFAC-44BA-8BAF-DC0B925D062B}"
EndProject
Project("{FAE04EC0-301F-11D3-BF4B-00C04F79EFBC}") = "ReceiveLogs", "ReceiveLogs\ReceiveLogs.csproj", "{913584C3-3487-44D5-BD58-50C5A19859C2}"
EndProject
Project("{FAE04EC0-301F-11D3-BF4B-00C04F79EFBC}") = "ReceiveLogsDirect", "ReceiveLogsDirect\ReceiveLogsDirect.csproj", "{86363BCE-1F36-4829-9075-CAA60FA230EE}"
EndProject
Project("{FAE04EC0-301F-11D3-BF4B-00C04F79EFBC}") = "EmitLogDirect", "EmitLogDirect\EmitLogDirect.csproj", "{05CF83B8-2973-4AEE-9933-453062350468}"
EndProject
Project("{FAE04EC0-301F-11D3-BF4B-00C04F79EFBC}") = "EmitLogTopic", "EmitLogTopic\EmitLogTopic.csproj", "{CF58E2C3-9358-430B-98D2-90CCB8CB8542}"
EndProject
Project("{FAE04EC0-301F-11D3-BF4B-00C04F79EFBC}") = "ReceiveLogsTopic", "ReceiveLogsTopic\ReceiveLogsTopic.csproj", "{1D7F04F8-1769-4E44-8425-F5A755D4E93E}"
EndProject
Global
	GlobalSection(SolutionConfigurationPlatforms) = preSolution
		Debug|Any CPU = Debug|Any CPU
		Release|Any CPU = Release|Any CPU
	EndGlobalSection
	GlobalSection(ProjectConfigurationPlatforms) = postSolution
		{12FFC095-96C3-4DCF-96EC-F9BEFD079D19}.Debug|Any CPU.ActiveCfg = Debug|Any CPU
		{12FFC095-96C3-4DCF-96EC-F9BEFD079D19}.Debug|Any CPU.Build.0 = Debug|Any CPU
		{12FFC095-96C3-4DCF-96EC-F9BEFD079D19}.Release|Any CPU.ActiveCfg = Release|Any CPU
		{12FFC095-96C3-4DCF-96EC-F9BEFD079D19}.Release|Any CPU.Build.0 = Release|Any CPU
		{8F2516D2-84BE-4828-BE13-CA4B5F62E936}.Debug|Any CPU.ActiveCfg = Debug|Any CPU
		{8F2516D2-84BE-4828-BE13-CA4B5F62E936}.Debug|Any CPU.Build.0 = Debug|Any CPU
		{8F2516D2-84BE-4828-BE13-CA4B5F62E936}.Release|Any CPU.ActiveCfg = Release|Any CPU
		{8F2516D2-84BE-4828-BE13-CA4B5F62E936}.Release|Any CPU.Build.0 = Release|Any CPU
		{549EFD75-EB56-4467-BE81-B271ECE0FBE3}.Debug|Any CPU.ActiveCfg = Debug|Any CPU
		{549EFD75-EB56-4467-BE81-B271ECE0FBE3}.Debug|Any CPU.Build.0 = Debug|Any CPU
		{549EFD75-EB56-4467-BE81-B271ECE0FBE3}.Release|Any CPU.ActiveCfg = Release|Any CPU
		{549EFD75-EB56-4467-BE81-B271ECE0FBE3}.Release|Any CPU.Build.0 = Release|Any CPU
		{1603389B-0BD6-4877-A0F7-F13EF1CA84A0}.Debug|Any CPU.ActiveCfg = Debug|Any CPU
		{1603389B-0BD6-4877-A0F7-F13EF1CA84A0}.Debug|Any CPU.Build.0 = Debug|Any CPU
		{1603389B-0BD6-4877-A0F7-F13EF1CA84A0}.Release|Any CPU.ActiveCfg = Release|Any CPU
		{1603389B-0BD6-4877-A0F7-F13EF1CA84A0}.Release|Any CPU.Build.0 = Release|Any CPU
		{B840FA11-FFAC-44BA-8BAF-DC0B925D062B}.Debug|Any CPU.ActiveCfg = Debug|Any CPU
		{B840FA11-FFAC-44BA-8BAF-DC0B925D062B}.Debug|Any CPU.Build.0 = Debug|Any CPU
		{B840FA11-FFAC-44BA-8BAF-DC0B925D062B}.Release|Any CPU.ActiveCfg = Release|Any CPU
		{B840FA11-FFAC-44BA-8BAF-DC0B925D062B}.Release|Any CPU.Build.0 = Release|Any CPU
		{913584C3-3487-44D5-BD58-50C5A19859C2}.Debug|Any CPU.ActiveCfg = Debug|Any CPU
		{913584C3-3487-44D5-BD58-50C5A19859C2}.Debug|Any CPU.Build.0 = Debug|Any CPU
		{913584C3-3487-44D5-BD58-50C5A19859C2}.Release|Any CPU.ActiveCfg = Release|Any CPU
		{913584C3-3487-44D5-BD58-50C5A19859C2}.Release|Any CPU.Build.0 = Release|Any CPU
		{86363BCE-1F36-4829-9075-CAA60FA230EE}.Debug|Any CPU.ActiveCfg = Debug|Any CPU
		{86363BCE-1F36-4829-9075-CAA60FA230EE}.Debug|Any CPU.Build.0 = Debug|Any CPU
		{86363BCE-1F36-4829-9075-CAA60FA230EE}.Release|Any CPU.ActiveCfg = Release|Any CPU
		{86363BCE-1F36-4829-9075-CAA60FA230EE}.Release|Any CPU.Build.0 = Release|Any CPU
		{05CF83B8-2973-4AEE-9933-453062350468}.Debug|Any CPU.ActiveCfg = Debug|Any CPU
		{05CF83B8-2973-4AEE-9933-453062350468}.Debug|Any CPU.Build.0 = Debug|Any CPU
		{05CF83B8-2973-4AEE-9933-453062350468}.Release|Any CPU.ActiveCfg = Release|Any CPU
		{05CF83B8-2973-4AEE-9933-453062350468}.Release|Any CPU.Build.0 = Release|Any CPU
		{CF58E2C3-9358-430B-98D2-90CCB8CB8542}.Debug|Any CPU.ActiveCfg = Debug|Any CPU
		{CF58E2C3-9358-430B-98D2-90CCB8CB8542}.Debug|Any CPU.Build.0 = Debug|Any CPU
		{CF58E2C3-9358-430B-98D2-90CCB8CB8542}.Release|Any CPU.ActiveCfg = Release|Any CPU
		{CF58E2C3-9358-430B-98D2-90CCB8CB8542}.Release|Any CPU.Build.0 = Release|Any CPU
		{1D7F04F8-1769-4E44-8425-F5A755D4E93E}.Debug|Any CPU.ActiveCfg = Debug|Any CPU
		{1D7F04F8-1769-4E44-8425-F5A755D4E93E}.Debug|Any CPU.Build.0 = Debug|Any CPU
		{1D7F04F8-1769-4E44-8425-F5A755D4E93E}.Release|Any CPU.ActiveCfg = Release|Any CPU
		{1D7F04F8-1769-4E44-8425-F5A755D4E93E}.Release|Any CPU.Build.0 = Release|Any CPU
	EndGlobalSection
	GlobalSection(SolutionProperties) = preSolution
		HideSolutionNode = FALSE
	EndGlobalSection
	GlobalSection(ExtensibilityGlobals) = postSolution
		SolutionGuid = {C938BAF6-B3F0-4D78-87A6-A7CD98A5BD1B}
	EndGlobalSection
EndGlobal
